
Microsoft Visual Studio Solution File, Format Version 12.00
# Visual Studio Version 16
VisualStudioVersion = 16.0.29418.71
MinimumVisualStudioVersion = 10.0.40219.1
Project("{9A19103F-16F7-4668-BE54-9A1E7A4F7556}") = "ReloadedRPCS3TestsNoConfig", "ReloadedRPCS3TestsNoConfig.csproj", "{BFA70C89-3837-42C2-9920-9911076DA485}"
EndProject
Project("{9A19103F-16F7-4668-BE54-9A1E7A4F7556}") = "Reloaded.Memory.Sigscan", "..\external\Reloaded.Memory.SigScan\Reloaded.Memory.Sigscan\Reloaded.Memory.Sigscan.csproj", "{48641ACF-CCC3-4DE4-B151-59F42F057DC2}"
EndProject
Project("{2150E333-8FDC-42A3-9474-1A3956D46DE8}") = "external", "external", "{CF6C25A1-39B0-47F8-91E8-3E080D5C41FD}"
EndProject
Global
	GlobalSection(SolutionConfigurationPlatforms) = preSolution
		Debug|Any CPU = Debug|Any CPU
		Release|Any CPU = Release|Any CPU
	EndGlobalSection
	GlobalSection(ProjectConfigurationPlatforms) = postSolution
		{BFA70C89-3837-42C2-9920-9911076DA485}.Debug|Any CPU.ActiveCfg = Debug|Any CPU
		{BFA70C89-3837-42C2-9920-9911076DA485}.Debug|Any CPU.Build.0 = Debug|Any CPU
		{BFA70C89-3837-42C2-9920-9911076DA485}.Release|Any CPU.ActiveCfg = Release|Any CPU
		{BFA70C89-3837-42C2-9920-9911076DA485}.Release|Any CPU.Build.0 = Release|Any CPU
		{48641ACF-CCC3-4DE4-B151-59F42F057DC2}.Debug|Any CPU.ActiveCfg = Debug|Any CPU
		{48641ACF-CCC3-4DE4-B151-59F42F057DC2}.Debug|Any CPU.Build.0 = Debug|Any CPU
		{48641ACF-CCC3-4DE4-B151-59F42F057DC2}.Release|Any CPU.ActiveCfg = Release|Any CPU
		{48641ACF-CCC3-4DE4-B151-59F42F057DC2}.Release|Any CPU.Build.0 = Release|Any CPU
	EndGlobalSection
	GlobalSection(SolutionProperties) = preSolution
		HideSolutionNode = FALSE
	EndGlobalSection
	GlobalSection(NestedProjects) = preSolution
		{48641ACF-CCC3-4DE4-B151-59F42F057DC2} = {CF6C25A1-39B0-47F8-91E8-3E080D5C41FD}
	EndGlobalSection
	GlobalSection(ExtensibilityGlobals) = postSolution
		SolutionGuid = {F7D2ECCA-EB90-4275-AF45-5F4630E12C51}
	EndGlobalSection
EndGlobal
